// !$*UTF8*$!
{
	archiveVersion = 1;
	classes = {
	};
	objectVersion = 46;
	objects = {

/* Begin PBXBuildFile section */
		EF9A03451B5E99EE009428AA /* main.m in Sources */ = {isa = PBXBuildFile; fileRef = EF9A03441B5E99EE009428AA /* main.m */; };
		EF9A03481B5E99EE009428AA /* AppDelegate.m in Sources */ = {isa = PBXBuildFile; fileRef = EF9A03471B5E99EE009428AA /* AppDelegate.m */; };
		EF9A034B1B5E99EE009428AA /* ViewController.m in Sources */ = {isa = PBXBuildFile; fileRef = EF9A034A1B5E99EE009428AA /* ViewController.m */; };
		EF9A034E1B5E99EE009428AA /* Main.storyboard in Resources */ = {isa = PBXBuildFile; fileRef = EF9A034C1B5E99EE009428AA /* Main.storyboard */; };
		EF9A03501B5E99EE009428AA /* Images.xcassets in Resources */ = {isa = PBXBuildFile; fileRef = EF9A034F1B5E99EE009428AA /* Images.xcassets */; };
		EF9A03531B5E99EE009428AA /* LaunchScreen.xib in Resources */ = {isa = PBXBuildFile; fileRef = EF9A03511B5E99EE009428AA /* LaunchScreen.xib */; };
		EF9A035F1B5E99EE009428AA /* TDBangTests.m in Sources */ = {isa = PBXBuildFile; fileRef = EF9A035E1B5E99EE009428AA /* TDBangTests.m */; };
/* End PBXBuildFile section */

/* Begin PBXContainerItemProxy section */
		EF9A03591B5E99EE009428AA /* PBXContainerItemProxy */ = {
			isa = PBXContainerItemProxy;
			containerPortal = EF9A03371B5E99EE009428AA /* Project object */;
			proxyType = 1;
			remoteGlobalIDString = EF9A033E1B5E99EE009428AA;
			remoteInfo = TDBang;
		};
/* End PBXContainerItemProxy section */

/* Begin PBXFileReference section */
		EF9A033F1B5E99EE009428AA /* TDBang.app */ = {isa = PBXFileReference; explicitFileType = wrapper.application; includeInIndex = 0; path = TDBang.app; sourceTree = BUILT_PRODUCTS_DIR; };
		EF9A03431B5E99EE009428AA /* Info.plist */ = {isa = PBXFileReference; lastKnownFileType = text.plist.xml; path = Info.plist; sourceTree = "<group>"; };
		EF9A03441B5E99EE009428AA /* main.m */ = {isa = PBXFileReference; lastKnownFileType = sourcecode.c.objc; path = main.m; sourceTree = "<group>"; };
		EF9A03461B5E99EE009428AA /* AppDelegate.h */ = {isa = PBXFileReference; lastKnownFileType = sourcecode.c.h; path = AppDelegate.h; sourceTree = "<group>"; };
		EF9A03471B5E99EE009428AA /* AppDelegate.m */ = {isa = PBXFileReference; lastKnownFileType = sourcecode.c.objc; path = AppDelegate.m; sourceTree = "<group>"; };
		EF9A03491B5E99EE009428AA /* ViewController.h */ = {isa = PBXFileReference; lastKnownFileType = sourcecode.c.h; path = ViewController.h; sourceTree = "<group>"; };
		EF9A034A1B5E99EE009428AA /* ViewController.m */ = {isa = PBXFileReference; lastKnownFileType = sourcecode.c.objc; path = ViewController.m; sourceTree = "<group>"; };
		EF9A034D1B5E99EE009428AA /* Base */ = {isa = PBXFileReference; lastKnownFileType = file.storyboard; name = Base; path = Base.lproj/Main.storyboard; sourceTree = "<group>"; };
		EF9A034F1B5E99EE009428AA /* Images.xcassets */ = {isa = PBXFileReference; lastKnownFileType = folder.assetcatalog; path = Images.xcassets; sourceTree = "<group>"; };
		EF9A03521B5E99EE009428AA /* Base */ = {isa = PBXFileReference; lastKnownFileType = file.xib; name = Base; path = Base.lproj/LaunchScreen.xib; sourceTree = "<group>"; };
		EF9A03581B5E99EE009428AA /* TDBangTests.xctest */ = {isa = PBXFileReference; explicitFileType = wrapper.cfbundle; includeInIndex = 0; path = TDBangTests.xctest; sourceTree = BUILT_PRODUCTS_DIR; };
		EF9A035D1B5E99EE009428AA /* Info.plist */ = {isa = PBXFileReference; lastKnownFileType = text.plist.xml; path = Info.plist; sourceTree = "<group>"; };
		EF9A035E1B5E99EE009428AA /* TDBangTests.m */ = {isa = PBXFileReference; lastKnownFileType = sourcecode.c.objc; path = TDBangTests.m; sourceTree = "<group>"; };
/* End PBXFileReference section */

/* Begin PBXFrameworksBuildPhase section */
		EF9A033C1B5E99EE009428AA /* Frameworks */ = {
			isa = PBXFrameworksBuildPhase;
			buildActionMask = 2147483647;
			files = (
			);
			runOnlyForDeploymentPostprocessing = 0;
		};
		EF9A03551B5E99EE009428AA /* Frameworks */ = {
			isa = PBXFrameworksBuildPhase;
			buildActionMask = 2147483647;
			files = (
			);
			runOnlyForDeploymentPostprocessing = 0;
		};
/* End PBXFrameworksBuildPhase section */

/* Begin PBXGroup section */
		EF9A03361B5E99EE009428AA = {
			isa = PBXGroup;
			children = (
				EF9A03411B5E99EE009428AA /* TDBang */,
				EF9A035B1B5E99EE009428AA /* TDBangTests */,
				EF9A03401B5E99EE009428AA /* Products */,
			);
			sourceTree = "<group>";
		};
		EF9A03401B5E99EE009428AA /* Products */ = {
			isa = PBXGroup;
			children = (
				EF9A033F1B5E99EE009428AA /* TDBang.app */,
				EF9A03581B5E99EE009428AA /* TDBangTests.xctest */,
			);
			name = Products;
			sourceTree = "<group>";
		};
		EF9A03411B5E99EE009428AA /* TDBang */ = {
			isa = PBXGroup;
			children = (
				EF9A03461B5E99EE009428AA /* AppDelegate.h */,
				EF9A03471B5E99EE009428AA /* AppDelegate.m */,
				EF9A03491B5E99EE009428AA /* ViewController.h */,
				EF9A034A1B5E99EE009428AA /* ViewController.m */,
				EF9A034C1B5E99EE009428AA /* Main.storyboard */,
				EF9A034F1B5E99EE009428AA /* Images.xcassets */,
				EF9A03511B5E99EE009428AA /* LaunchScreen.xib */,
				EF9A03421B5E99EE009428AA /* Supporting Files */,
			);
			path = TDBang;
			sourceTree = "<group>";
		};
		EF9A03421B5E99EE009428AA /* Supporting Files */ = {
			isa = PBXGroup;
			children = (
				EF9A03431B5E99EE009428AA /* Info.plist */,
				EF9A03441B5E99EE009428AA /* main.m */,
			);
			name = "Supporting Files";
			sourceTree = "<group>";
		};
		EF9A035B1B5E99EE009428AA /* TDBangTests */ = {
			isa = PBXGroup;
			children = (
				EF9A035E1B5E99EE009428AA /* TDBangTests.m */,
				EF9A035C1B5E99EE009428AA /* Supporting Files */,
			);
			path = TDBangTests;
			sourceTree = "<group>";
		};
		EF9A035C1B5E99EE009428AA /* Supporting Files */ = {
			isa = PBXGroup;
			children = (
				EF9A035D1B5E99EE009428AA /* Info.plist */,
			);
			name = "Supporting Files";
			sourceTree = "<group>";
		};
/* End PBXGroup section */

/* Begin PBXNativeTarget section */
		EF9A033E1B5E99EE009428AA /* TDBang */ = {
			isa = PBXNativeTarget;
			buildConfigurationList = EF9A03621B5E99EE009428AA /* Build configuration list for PBXNativeTarget "TDBang" */;
			buildPhases = (
				EF9A033B1B5E99EE009428AA /* Sources */,
				EF9A033C1B5E99EE009428AA /* Frameworks */,
				EF9A033D1B5E99EE009428AA /* Resources */,
			);
			buildRules = (
			);
			dependencies = (
			);
			name = TDBang;
			productName = TDBang;
			productReference = EF9A033F1B5E99EE009428AA /* TDBang.app */;
			productType = "com.apple.product-type.application";
		};
		EF9A03571B5E99EE009428AA /* TDBangTests */ = {
			isa = PBXNativeTarget;
			buildConfigurationList = EF9A03651B5E99EE009428AA /* Build configuration list for PBXNativeTarget "TDBangTests" */;
			buildPhases = (
				EF9A03541B5E99EE009428AA /* Sources */,
				EF9A03551B5E99EE009428AA /* Frameworks */,
				EF9A03561B5E99EE009428AA /* Resources */,
			);
			buildRules = (
			);
			dependencies = (
				EF9A035A1B5E99EE009428AA /* PBXTargetDependency */,
			);
			name = TDBangTests;
			productName = TDBangTests;
			productReference = EF9A03581B5E99EE009428AA /* TDBangTests.xctest */;
			productType = "com.apple.product-type.bundle.unit-test";
		};
/* End PBXNativeTarget section */

/* Begin PBXProject section */
		EF9A03371B5E99EE009428AA /* Project object */ = {
			isa = PBXProject;
			attributes = {
				LastUpgradeCheck = 0640;
				ORGANIZATIONNAME = tengdabang;
				TargetAttributes = {
					EF9A033E1B5E99EE009428AA = {
						CreatedOnToolsVersion = 6.4;
					};
					EF9A03571B5E99EE009428AA = {
						CreatedOnToolsVersion = 6.4;
						TestTargetID = EF9A033E1B5E99EE009428AA;
					};
				};
			};
			buildConfigurationList = EF9A033A1B5E99EE009428AA /* Build configuration list for PBXProject "TDBang" */;
			compatibilityVersion = "Xcode 3.2";
			developmentRegion = English;
			hasScannedForEncodings = 0;
			knownRegions = (
				en,
				Base,
			);
			mainGroup = EF9A03361B5E99EE009428AA;
			productRefGroup = EF9A03401B5E99EE009428AA /* Products */;
			projectDirPath = "";
			projectRoot = "";
			targets = (
				EF9A033E1B5E99EE009428AA /* TDBang */,
				EF9A03571B5E99EE009428AA /* TDBangTests */,
			);
		};
/* End PBXProject section */

/* Begin PBXResourcesBuildPhase section */
		EF9A033D1B5E99EE009428AA /* Resources */ = {
			isa = PBXResourcesBuildPhase;
			buildActionMask = 2147483647;
			files = (
				EF9A034E1B5E99EE009428AA /* Main.storyboard in Resources */,
				EF9A03531B5E99EE009428AA /* LaunchScreen.xib in Resources */,
				EF9A03501B5E99EE009428AA /* Images.xcassets in Resources */,
			);
			runOnlyForDeploymentPostprocessing = 0;
		};
		EF9A03561B5E99EE009428AA /* Resources */ = {
			isa = PBXResourcesBuildPhase;
			buildActionMask = 2147483647;
			files = (
			);
			runOnlyForDeploymentPostprocessing = 0;
		};
/* End PBXResourcesBuildPhase section */

/* Begin PBXSourcesBuildPhase section */
		EF9A033B1B5E99EE009428AA /* Sources */ = {
			isa = PBXSourcesBuildPhase;
			buildActionMask = 2147483647;
			files = (
				EF9A034B1B5E99EE009428AA /* ViewController.m in Sources */,
				EF9A03481B5E99EE009428AA /* AppDelegate.m in Sources */,
				EF9A03451B5E99EE009428AA /* main.m in Sources */,
			);
			runOnlyForDeploymentPostprocessing = 0;
		};
		EF9A03541B5E99EE009428AA /* Sources */ = {
			isa = PBXSourcesBuildPhase;
			buildActionMask = 2147483647;
			files = (
				EF9A035F1B5E99EE009428AA /* TDBangTests.m in Sources */,
			);
			runOnlyForDeploymentPostprocessing = 0;
		};
/* End PBXSourcesBuildPhase section */

/* Begin PBXTargetDependency section */
		EF9A035A1B5E99EE009428AA /* PBXTargetDependency */ = {
			isa = PBXTargetDependency;
			target = EF9A033E1B5E99EE009428AA /* TDBang */;
			targetProxy = EF9A03591B5E99EE009428AA /* PBXContainerItemProxy */;
		};
/* End PBXTargetDependency section */

/* Begin PBXVariantGroup section */
		EF9A034C1B5E99EE009428AA /* Main.storyboard */ = {
			isa = PBXVariantGroup;
			children = (
				EF9A034D1B5E99EE009428AA /* Base */,
			);
			name = Main.storyboard;
			sourceTree = "<group>";
		};
		EF9A03511B5E99EE009428AA /* LaunchScreen.xib */ = {
			isa = PBXVariantGroup;
			children = (
				EF9A03521B5E99EE009428AA /* Base */,
			);
			name = LaunchScreen.xib;
			sourceTree = "<group>";
		};
/* End PBXVariantGroup section */

/* Begin XCBuildConfiguration section */
		EF9A03601B5E99EE009428AA /* Debug */ = {
			isa = XCBuildConfiguration;
			buildSettings = {
				ALWAYS_SEARCH_USER_PATHS = NO;
				CLANG_CXX_LANGUAGE_STANDARD = "gnu++0x";
				CLANG_CXX_LIBRARY = "libc++";
				CLANG_ENABLE_MODULES = YES;
				CLANG_ENABLE_OBJC_ARC = YES;
				CLANG_WARN_BOOL_CONVERSION = YES;
				CLANG_WARN_CONSTANT_CONVERSION = YES;
				CLANG_WARN_DIRECT_OBJC_ISA_USAGE = YES_ERROR;
				CLANG_WARN_EMPTY_BODY = YES;
				CLANG_WARN_ENUM_CONVERSION = YES;
				CLANG_WARN_INT_CONVERSION = YES;
				CLANG_WARN_OBJC_ROOT_CLASS = YES_ERROR;
				CLANG_WARN_UNREACHABLE_CODE = YES;
				CLANG_WARN__DUPLICATE_METHOD_MATCH = YES;
				"CODE_SIGN_IDENTITY[sdk=iphoneos*]" = "iPhone Developer";
				COPY_PHASE_STRIP = NO;
				DEBUG_INFORMATION_FORMAT = "dwarf-with-dsym";
				ENABLE_STRICT_OBJC_MSGSEND = YES;
				GCC_C_LANGUAGE_STANDARD = gnu99;
				GCC_DYNAMIC_NO_PIC = NO;
				GCC_NO_COMMON_BLOCKS = YES;
				GCC_OPTIMIZATION_LEVEL = 0;
				GCC_PREPROCESSOR_DEFINITIONS = (
					"DEBUG=1",
					"$(inherited)",
				);
				GCC_SYMBOLS_PRIVATE_EXTERN = NO;
				GCC_WARN_64_TO_32_BIT_CONVERSION = YES;
				GCC_WARN_ABOUT_RETURN_TYPE = YES_ERROR;
				GCC_WARN_UNDECLARED_SELECTOR = YES;
				GCC_WARN_UNINITIALIZED_AUTOS = YES_AGGRESSIVE;
				GCC_WARN_UNUSED_FUNCTION = YES;
				GCC_WARN_UNUSED_VARIABLE = YES;
				IPHONEOS_DEPLOYMENT_TARGET = 8.4;
				MTL_ENABLE_DEBUG_INFO = YES;
				ONLY_ACTIVE_ARCH = YES;
				SDKROOT = iphoneos;
				TARGETED_DEVICE_FAMILY = "1,2";
			};
			name = Debug;
		};
		EF9A03611B5E99EE009428AA /* Release */ = {
			isa = XCBuildConfiguration;
			buildSettings = {
				ALWAYS_SEARCH_USER_PATHS = NO;
				CLANG_CXX_LANGUAGE_STANDARD = "gnu++0x";
				CLANG_CXX_LIBRARY = "libc++";
				CLANG_ENABLE_MODULES = YES;
				CLANG_ENABLE_OBJC_ARC = YES;
				CLANG_WARN_BOOL_CONVERSION = YES;
				CLANG_WARN_CONSTANT_CONVERSION = YES;
				CLANG_WARN_DIRECT_OBJC_ISA_USAGE = YES_ERROR;
				CLANG_WARN_EMPTY_BODY = YES;
				CLANG_WARN_ENUM_CONVERSION = YES;
				CLANG_WARN_INT_CONVERSION = YES;
				CLANG_WARN_OBJC_ROOT_CLASS = YES_ERROR;
				CLANG_WARN_UNREACHABLE_CODE = YES;
				CLANG_WARN__DUPLICATE_METHOD_MATCH = YES;
				"CODE_SIGN_IDENTITY[sdk=iphoneos*]" = "iPhone Developer";
				COPY_PHASE_STRIP = NO;
				DEBUG_INFORMATION_FORMAT = "dwarf-with-dsym";
				ENABLE_NS_ASSERTIONS = NO;
				ENABLE_STRICT_OBJC_MSGSEND = YES;
				GCC_C_LANGUAGE_STANDARD = gnu99;
				GCC_NO_COMMON_BLOCKS = YES;
				GCC_WARN_64_TO_32_BIT_CONVERSION = YES;
				GCC_WARN_ABOUT_RETURN_TYPE = YES_ERROR;
				GCC_WARN_UNDECLARED_SELECTOR = YES;
				GCC_WARN_UNINITIALIZED_AUTOS = YES_AGGRESSIVE;
				GCC_WARN_UNUSED_FUNCTION = YES;
				GCC_WARN_UNUSED_VARIABLE = YES;
				IPHONEOS_DEPLOYMENT_TARGET = 8.4;
				MTL_ENABLE_DEBUG_INFO = NO;
				SDKROOT = iphoneos;
				TARGETED_DEVICE_FAMILY = "1,2";
				VALIDATE_PRODUCT = YES;
			};
			name = Release;
		};
		EF9A03631B5E99EE009428AA /* Debug */ = {
			isa = XCBuildConfiguration;
			buildSettings = {
				ASSETCATALOG_COMPILER_APPICON_NAME = AppIcon;
				INFOPLIST_FILE = TDBang/Info.plist;
				LD_RUNPATH_SEARCH_PATHS = "$(inherited) @executable_path/Frameworks";
				PRODUCT_NAME = "$(TARGET_NAME)";
			};
			name = Debug;
		};
		EF9A03641B5E99EE009428AA /* Release */ = {
			isa = XCBuildConfiguration;
			buildSettings = {
				ASSETCATALOG_COMPILER_APPICON_NAME = AppIcon;
				INFOPLIST_FILE = TDBang/Info.plist;
				LD_RUNPATH_SEARCH_PATHS = "$(inherited) @executable_path/Frameworks";
				PRODUCT_NAME = "$(TARGET_NAME)";
			};
			name = Release;
		};
		EF9A03661B5E99EE009428AA /* Debug */ = {
			isa = XCBuildConfiguration;
			buildSettings = {
				BUNDLE_LOADER = "$(TEST_HOST)";
				FRAMEWORK_SEARCH_PATHS = (
					"$(SDKROOT)/Developer/Library/Frameworks",
					"$(inherited)",
				);
				GCC_PREPROCESSOR_DEFINITIONS = (
					"DEBUG=1",
					"$(inherited)",
				);
				INFOPLIST_FILE = TDBangTests/Info.plist;
				LD_RUNPATH_SEARCH_PATHS = "$(inherited) @executable_path/Frameworks @loader_path/Frameworks";
				PRODUCT_NAME = "$(TARGET_NAME)";
				TEST_HOST = "$(BUILT_PRODUCTS_DIR)/TDBang.app/TDBang";
			};
			name = Debug;
		};
		EF9A03671B5E99EE009428AA /* Release */ = {
			isa = XCBuildConfiguration;
			buildSettings = {
				BUNDLE_LOADER = "$(TEST_HOST)";
				FRAMEWORK_SEARCH_PATHS = (
					"$(SDKROOT)/Developer/Library/Frameworks",
					"$(inherited)",
				);
				INFOPLIST_FILE = TDBangTests/Info.plist;
				LD_RUNPATH_SEARCH_PATHS = "$(inherited) @executable_path/Frameworks @loader_path/Frameworks";
				PRODUCT_NAME = "$(TARGET_NAME)";
				TEST_HOST = "$(BUILT_PRODUCTS_DIR)/TDBang.app/TDBang";
			};
			name = Release;
		};
/* End XCBuildConfiguration section */

/* Begin XCConfigurationList section */
		EF9A033A1B5E99EE009428AA /* Build configuration list for PBXProject "TDBang" */ = {
			isa = XCConfigurationList;
			buildConfigurations = (
				EF9A03601B5E99EE009428AA /* Debug */,
				EF9A03611B5E99EE009428AA /* Release */,
			);
			defaultConfigurationIsVisible = 0;
			defaultConfigurationName = Release;
		};
		EF9A03621B5E99EE009428AA /* Build configuration list for PBXNativeTarget "TDBang" */ = {
			isa = XCConfigurationList;
			buildConfigurations = (
				EF9A03631B5E99EE009428AA /* Debug */,
				EF9A03641B5E99EE009428AA /* Release */,
			);
			defaultConfigurationIsVisible = 0;
		};
		EF9A03651B5E99EE009428AA /* Build configuration list for PBXNativeTarget "TDBangTests" */ = {
			isa = XCConfigurationList;
			buildConfigurations = (
				EF9A03661B5E99EE009428AA /* Debug */,
				EF9A03671B5E99EE009428AA /* Release */,
			);
			defaultConfigurationIsVisible = 0;
		};
/* End XCConfigurationList section */
	};
	rootObject = EF9A03371B5E99EE009428AA /* Project object */;
}
